// !$*UTF8*$!
{
	archiveVersion = 1;
	classes = {
	};
	objectVersion = 51;
	objects = {

/* Begin PBXBuildFile section */
		58A3D1381CF4B35A96D41BC5 /* Pods_newsApp.framework in Frameworks */ = {isa = PBXBuildFile; fileRef = 2F19DAA162DF17740E2B2660 /* Pods_newsApp.framework */; };
		93C002013E394C526A5A62ED /* Pods_newsAppTests.framework in Frameworks */ = {isa = PBXBuildFile; fileRef = 44BEDE0EC1E1B7D181D89924 /* Pods_newsAppTests.framework */; };
		A6466490BE9E50A32AF59F0A /* Pods_newsApp_newsAppUITests.framework in Frameworks */ = {isa = PBXBuildFile; fileRef = 449E34D2878D31B25971CFD4 /* Pods_newsApp_newsAppUITests.framework */; };
		C914A6CA26665905007E926F /* NetworkManager.swift in Sources */ = {isa = PBXBuildFile; fileRef = C914A6C926665905007E926F /* NetworkManager.swift */; };
		C914A6D826665B33007E926F /* FeedViewModel.swift in Sources */ = {isa = PBXBuildFile; fileRef = C914A6D726665B33007E926F /* FeedViewModel.swift */; };
		C914A6DD26665F3A007E926F /* GenericComponent.swift in Sources */ = {isa = PBXBuildFile; fileRef = C914A6DC26665F3A007E926F /* GenericComponent.swift */; };
		C98CDCFE26664D5400C5322E /* NetworkParameters.swift in Sources */ = {isa = PBXBuildFile; fileRef = C98CDCFD26664D5400C5322E /* NetworkParameters.swift */; };
		C98CDD032666503C00C5322E /* FeedModel.swift in Sources */ = {isa = PBXBuildFile; fileRef = C98CDD022666503C00C5322E /* FeedModel.swift */; };
		C9B296FC26683AA000E9FED7 /* WebViewViewController.swift in Sources */ = {isa = PBXBuildFile; fileRef = C9B296FB26683AA000E9FED7 /* WebViewViewController.swift */; };
		C9E1E7FA2664DC0100887857 /* AppDelegate.swift in Sources */ = {isa = PBXBuildFile; fileRef = C9E1E7F92664DC0100887857 /* AppDelegate.swift */; };
		C9E1E7FC2664DC0100887857 /* SceneDelegate.swift in Sources */ = {isa = PBXBuildFile; fileRef = C9E1E7FB2664DC0100887857 /* SceneDelegate.swift */; };
		C9E1E7FE2664DC0100887857 /* FeedViewController.swift in Sources */ = {isa = PBXBuildFile; fileRef = C9E1E7FD2664DC0100887857 /* FeedViewController.swift */; };
		C9E1E8032664DC0C00887857 /* Assets.xcassets in Resources */ = {isa = PBXBuildFile; fileRef = C9E1E8022664DC0C00887857 /* Assets.xcassets */; };
		C9E1E8112664DC0D00887857 /* newsAppTests.swift in Sources */ = {isa = PBXBuildFile; fileRef = C9E1E8102664DC0D00887857 /* newsAppTests.swift */; };
		C9E1E81C2664DC0D00887857 /* newsAppUITests.swift in Sources */ = {isa = PBXBuildFile; fileRef = C9E1E81B2664DC0D00887857 /* newsAppUITests.swift */; };
		C9E1E8462664E6CC00887857 /* NewsDetailViewController.swift in Sources */ = {isa = PBXBuildFile; fileRef = C9E1E8452664E6CC00887857 /* NewsDetailViewController.swift */; };
		C9E1E84B2664E6FB00887857 /* MainViewController.swift in Sources */ = {isa = PBXBuildFile; fileRef = C9E1E84A2664E6FB00887857 /* MainViewController.swift */; };
		C9E1E8532664E81600887857 /* FavoritesViewController.swift in Sources */ = {isa = PBXBuildFile; fileRef = C9E1E8522664E81600887857 /* FavoritesViewController.swift */; };
		C9F9C0CC266596D0009F02F6 /* NewsTableViewCell.swift in Sources */ = {isa = PBXBuildFile; fileRef = C9F9C0CA266596D0009F02F6 /* NewsTableViewCell.swift */; };
/* End PBXBuildFile section */

/* Begin PBXContainerItemProxy section */
		C9E1E80D2664DC0D00887857 /* PBXContainerItemProxy */ = {
			isa = PBXContainerItemProxy;
			containerPortal = C9E1E7EE2664DC0100887857 /* Project object */;
			proxyType = 1;
			remoteGlobalIDString = C9E1E7F52664DC0100887857;
			remoteInfo = newsApp;
		};
		C9E1E8182664DC0D00887857 /* PBXContainerItemProxy */ = {
			isa = PBXContainerItemProxy;
			containerPortal = C9E1E7EE2664DC0100887857 /* Project object */;
			proxyType = 1;
			remoteGlobalIDString = C9E1E7F52664DC0100887857;
			remoteInfo = newsApp;
		};
/* End PBXContainerItemProxy section */

/* Begin PBXFileReference section */
		0ED199AF7834AE9A2BB67A10 /* Pods-newsApp.release.xcconfig */ = {isa = PBXFileReference; includeInIndex = 1; lastKnownFileType = text.xcconfig; name = "Pods-newsApp.release.xcconfig"; path = "Target Support Files/Pods-newsApp/Pods-newsApp.release.xcconfig"; sourceTree = "<group>"; };
		26D5952060B8D032D470E0E4 /* Pods-newsAppTests.debug.xcconfig */ = {isa = PBXFileReference; includeInIndex = 1; lastKnownFileType = text.xcconfig; name = "Pods-newsAppTests.debug.xcconfig"; path = "Target Support Files/Pods-newsAppTests/Pods-newsAppTests.debug.xcconfig"; sourceTree = "<group>"; };
		2F19DAA162DF17740E2B2660 /* Pods_newsApp.framework */ = {isa = PBXFileReference; explicitFileType = wrapper.framework; includeInIndex = 0; path = Pods_newsApp.framework; sourceTree = BUILT_PRODUCTS_DIR; };
		449E34D2878D31B25971CFD4 /* Pods_newsApp_newsAppUITests.framework */ = {isa = PBXFileReference; explicitFileType = wrapper.framework; includeInIndex = 0; path = Pods_newsApp_newsAppUITests.framework; sourceTree = BUILT_PRODUCTS_DIR; };
		44BEDE0EC1E1B7D181D89924 /* Pods_newsAppTests.framework */ = {isa = PBXFileReference; explicitFileType = wrapper.framework; includeInIndex = 0; path = Pods_newsAppTests.framework; sourceTree = BUILT_PRODUCTS_DIR; };
		A4C163F1A0A7DAE6DC4631BC /* Pods-newsAppTests.release.xcconfig */ = {isa = PBXFileReference; includeInIndex = 1; lastKnownFileType = text.xcconfig; name = "Pods-newsAppTests.release.xcconfig"; path = "Target Support Files/Pods-newsAppTests/Pods-newsAppTests.release.xcconfig"; sourceTree = "<group>"; };
		B21EC5C6003E93C06C908D46 /* Pods-newsApp.debug.xcconfig */ = {isa = PBXFileReference; includeInIndex = 1; lastKnownFileType = text.xcconfig; name = "Pods-newsApp.debug.xcconfig"; path = "Target Support Files/Pods-newsApp/Pods-newsApp.debug.xcconfig"; sourceTree = "<group>"; };
		C914A6C926665905007E926F /* NetworkManager.swift */ = {isa = PBXFileReference; lastKnownFileType = sourcecode.swift; path = NetworkManager.swift; sourceTree = "<group>"; };
		C914A6D726665B33007E926F /* FeedViewModel.swift */ = {isa = PBXFileReference; lastKnownFileType = sourcecode.swift; path = FeedViewModel.swift; sourceTree = "<group>"; };
		C914A6DC26665F3A007E926F /* GenericComponent.swift */ = {isa = PBXFileReference; lastKnownFileType = sourcecode.swift; path = GenericComponent.swift; sourceTree = "<group>"; };
		C98CDCFD26664D5400C5322E /* NetworkParameters.swift */ = {isa = PBXFileReference; lastKnownFileType = sourcecode.swift; path = NetworkParameters.swift; sourceTree = "<group>"; };
		C98CDD022666503C00C5322E /* FeedModel.swift */ = {isa = PBXFileReference; lastKnownFileType = sourcecode.swift; path = FeedModel.swift; sourceTree = "<group>"; };
		C9B296FB26683AA000E9FED7 /* WebViewViewController.swift */ = {isa = PBXFileReference; lastKnownFileType = sourcecode.swift; path = WebViewViewController.swift; sourceTree = "<group>"; };
		C9E1E7F62664DC0100887857 /* newsApp.app */ = {isa = PBXFileReference; explicitFileType = wrapper.application; includeInIndex = 0; path = newsApp.app; sourceTree = BUILT_PRODUCTS_DIR; };
		C9E1E7F92664DC0100887857 /* AppDelegate.swift */ = {isa = PBXFileReference; lastKnownFileType = sourcecode.swift; path = AppDelegate.swift; sourceTree = "<group>"; };
		C9E1E7FB2664DC0100887857 /* SceneDelegate.swift */ = {isa = PBXFileReference; lastKnownFileType = sourcecode.swift; path = SceneDelegate.swift; sourceTree = "<group>"; };
		C9E1E7FD2664DC0100887857 /* FeedViewController.swift */ = {isa = PBXFileReference; lastKnownFileType = sourcecode.swift; path = FeedViewController.swift; sourceTree = "<group>"; };
		C9E1E8022664DC0C00887857 /* Assets.xcassets */ = {isa = PBXFileReference; lastKnownFileType = folder.assetcatalog; path = Assets.xcassets; sourceTree = "<group>"; };
		C9E1E8072664DC0C00887857 /* Info.plist */ = {isa = PBXFileReference; lastKnownFileType = text.plist.xml; path = Info.plist; sourceTree = "<group>"; };
		C9E1E80C2664DC0D00887857 /* newsAppTests.xctest */ = {isa = PBXFileReference; explicitFileType = wrapper.cfbundle; includeInIndex = 0; path = newsAppTests.xctest; sourceTree = BUILT_PRODUCTS_DIR; };
		C9E1E8102664DC0D00887857 /* newsAppTests.swift */ = {isa = PBXFileReference; lastKnownFileType = sourcecode.swift; path = newsAppTests.swift; sourceTree = "<group>"; };
		C9E1E8122664DC0D00887857 /* Info.plist */ = {isa = PBXFileReference; lastKnownFileType = text.plist.xml; path = Info.plist; sourceTree = "<group>"; };
		C9E1E8172664DC0D00887857 /* newsAppUITests.xctest */ = {isa = PBXFileReference; explicitFileType = wrapper.cfbundle; includeInIndex = 0; path = newsAppUITests.xctest; sourceTree = BUILT_PRODUCTS_DIR; };
		C9E1E81B2664DC0D00887857 /* newsAppUITests.swift */ = {isa = PBXFileReference; lastKnownFileType = sourcecode.swift; path = newsAppUITests.swift; sourceTree = "<group>"; };
		C9E1E81D2664DC0D00887857 /* Info.plist */ = {isa = PBXFileReference; lastKnownFileType = text.plist.xml; path = Info.plist; sourceTree = "<group>"; };
		C9E1E8452664E6CC00887857 /* NewsDetailViewController.swift */ = {isa = PBXFileReference; lastKnownFileType = sourcecode.swift; path = NewsDetailViewController.swift; sourceTree = "<group>"; };
		C9E1E84A2664E6FB00887857 /* MainViewController.swift */ = {isa = PBXFileReference; lastKnownFileType = sourcecode.swift; path = MainViewController.swift; sourceTree = "<group>"; };
		C9E1E8522664E81600887857 /* FavoritesViewController.swift */ = {isa = PBXFileReference; lastKnownFileType = sourcecode.swift; path = FavoritesViewController.swift; sourceTree = "<group>"; };
		C9F9C0CA266596D0009F02F6 /* NewsTableViewCell.swift */ = {isa = PBXFileReference; lastKnownFileType = sourcecode.swift; path = NewsTableViewCell.swift; sourceTree = "<group>"; };
		E6238DA37B6CA69B7D217DB1 /* Pods-newsApp-newsAppUITests.release.xcconfig */ = {isa = PBXFileReference; includeInIndex = 1; lastKnownFileType = text.xcconfig; name = "Pods-newsApp-newsAppUITests.release.xcconfig"; path = "Target Support Files/Pods-newsApp-newsAppUITests/Pods-newsApp-newsAppUITests.release.xcconfig"; sourceTree = "<group>"; };
		F7E7ADC8876225F8E41AFC4F /* Pods-newsApp-newsAppUITests.debug.xcconfig */ = {isa = PBXFileReference; includeInIndex = 1; lastKnownFileType = text.xcconfig; name = "Pods-newsApp-newsAppUITests.debug.xcconfig"; path = "Target Support Files/Pods-newsApp-newsAppUITests/Pods-newsApp-newsAppUITests.debug.xcconfig"; sourceTree = "<group>"; };
/* End PBXFileReference section */

/* Begin PBXFrameworksBuildPhase section */
		C9E1E7F32664DC0100887857 /* Frameworks */ = {
			isa = PBXFrameworksBuildPhase;
			buildActionMask = 2147483647;
			files = (
				58A3D1381CF4B35A96D41BC5 /* Pods_newsApp.framework in Frameworks */,
			);
			runOnlyForDeploymentPostprocessing = 0;
		};
		C9E1E8092664DC0D00887857 /* Frameworks */ = {
			isa = PBXFrameworksBuildPhase;
			buildActionMask = 2147483647;
			files = (
				93C002013E394C526A5A62ED /* Pods_newsAppTests.framework in Frameworks */,
			);
			runOnlyForDeploymentPostprocessing = 0;
		};
		C9E1E8142664DC0D00887857 /* Frameworks */ = {
			isa = PBXFrameworksBuildPhase;
			buildActionMask = 2147483647;
			files = (
				A6466490BE9E50A32AF59F0A /* Pods_newsApp_newsAppUITests.framework in Frameworks */,
			);
			runOnlyForDeploymentPostprocessing = 0;
		};
/* End PBXFrameworksBuildPhase section */

/* Begin PBXGroup section */
		8E2E005C2E35645120224C0C /* Pods */ = {
			isa = PBXGroup;
			children = (
				B21EC5C6003E93C06C908D46 /* Pods-newsApp.debug.xcconfig */,
				0ED199AF7834AE9A2BB67A10 /* Pods-newsApp.release.xcconfig */,
				F7E7ADC8876225F8E41AFC4F /* Pods-newsApp-newsAppUITests.debug.xcconfig */,
				E6238DA37B6CA69B7D217DB1 /* Pods-newsApp-newsAppUITests.release.xcconfig */,
				26D5952060B8D032D470E0E4 /* Pods-newsAppTests.debug.xcconfig */,
				A4C163F1A0A7DAE6DC4631BC /* Pods-newsAppTests.release.xcconfig */,
			);
			path = Pods;
			sourceTree = "<group>";
		};
		C9583199266A0E4D006AF6EA /* Detail */ = {
			isa = PBXGroup;
			children = (
				C9E1E8452664E6CC00887857 /* NewsDetailViewController.swift */,
				C9B296FB26683AA000E9FED7 /* WebViewViewController.swift */,
			);
			path = Detail;
			sourceTree = "<group>";
		};
		C98CDCFA266649DA00C5322E /* Networking */ = {
			isa = PBXGroup;
			children = (
				C98CDCFD26664D5400C5322E /* NetworkParameters.swift */,
				C914A6C926665905007E926F /* NetworkManager.swift */,
			);
			path = Networking;
			sourceTree = "<group>";
		};
		C98CDCFB26664CB700C5322E /* Feed */ = {
			isa = PBXGroup;
			children = (
				C9E1E7FD2664DC0100887857 /* FeedViewController.swift */,
				C9F9C0CA266596D0009F02F6 /* NewsTableViewCell.swift */,
				C98CDD022666503C00C5322E /* FeedModel.swift */,
				C914A6D726665B33007E926F /* FeedViewModel.swift */,
			);
			path = Feed;
			sourceTree = "<group>";
		};
		C98CDCFC26664CE300C5322E /* Favorites */ = {
			isa = PBXGroup;
			children = (
				C9E1E8522664E81600887857 /* FavoritesViewController.swift */,
			);
			path = Favorites;
			sourceTree = "<group>";
		};
		C9E1E7ED2664DC0100887857 = {
			isa = PBXGroup;
			children = (
				C9E1E7F82664DC0100887857 /* newsApp */,
				C9E1E80F2664DC0D00887857 /* newsAppTests */,
				C9E1E81A2664DC0D00887857 /* newsAppUITests */,
				C9E1E7F72664DC0100887857 /* Products */,
				8E2E005C2E35645120224C0C /* Pods */,
				E02B070602ECE8A5802BCCD0 /* Frameworks */,
			);
			sourceTree = "<group>";
		};
		C9E1E7F72664DC0100887857 /* Products */ = {
			isa = PBXGroup;
			children = (
				C9E1E7F62664DC0100887857 /* newsApp.app */,
				C9E1E80C2664DC0D00887857 /* newsAppTests.xctest */,
				C9E1E8172664DC0D00887857 /* newsAppUITests.xctest */,
			);
			name = Products;
			sourceTree = "<group>";
		};
		C9E1E7F82664DC0100887857 /* newsApp */ = {
			isa = PBXGroup;
			children = (
				C98CDCFB26664CB700C5322E /* Feed */,
				C9583199266A0E4D006AF6EA /* Detail */,
				C98CDCFC26664CE300C5322E /* Favorites */,
				C9E1E84A2664E6FB00887857 /* MainViewController.swift */,
				C9E1E7F92664DC0100887857 /* AppDelegate.swift */,
				C9E1E7FB2664DC0100887857 /* SceneDelegate.swift */,
				C914A6DC26665F3A007E926F /* GenericComponent.swift */,
				C98CDCFA266649DA00C5322E /* Networking */,
				C9E1E8022664DC0C00887857 /* Assets.xcassets */,
				C9E1E8072664DC0C00887857 /* Info.plist */,
			);
			path = newsApp;
			sourceTree = "<group>";
		};
		C9E1E80F2664DC0D00887857 /* newsAppTests */ = {
			isa = PBXGroup;
			children = (
				C9E1E8102664DC0D00887857 /* newsAppTests.swift */,
				C9E1E8122664DC0D00887857 /* Info.plist */,
			);
			path = newsAppTests;
			sourceTree = "<group>";
		};
		C9E1E81A2664DC0D00887857 /* newsAppUITests */ = {
			isa = PBXGroup;
			children = (
				C9E1E81B2664DC0D00887857 /* newsAppUITests.swift */,
				C9E1E81D2664DC0D00887857 /* Info.plist */,
			);
			path = newsAppUITests;
			sourceTree = "<group>";
		};
		E02B070602ECE8A5802BCCD0 /* Frameworks */ = {
			isa = PBXGroup;
			children = (
				2F19DAA162DF17740E2B2660 /* Pods_newsApp.framework */,
				449E34D2878D31B25971CFD4 /* Pods_newsApp_newsAppUITests.framework */,
				44BEDE0EC1E1B7D181D89924 /* Pods_newsAppTests.framework */,
			);
			name = Frameworks;
			sourceTree = "<group>";
		};
/* End PBXGroup section */

/* Begin PBXNativeTarget section */
		C9E1E7F52664DC0100887857 /* newsApp */ = {
			isa = PBXNativeTarget;
			buildConfigurationList = C9E1E8202664DC0D00887857 /* Build configuration list for PBXNativeTarget "newsApp" */;
			buildPhases = (
				4266DA4F0BCAAFC4D9BB3510 /* [CP] Check Pods Manifest.lock */,
				C9E1E7F22664DC0100887857 /* Sources */,
				C9E1E7F32664DC0100887857 /* Frameworks */,
				C9E1E7F42664DC0100887857 /* Resources */,
				3AECBBE45115EBB85D76A1BA /* [CP] Embed Pods Frameworks */,
			);
			buildRules = (
			);
			dependencies = (
			);
			name = newsApp;
			productName = newsApp;
			productReference = C9E1E7F62664DC0100887857 /* newsApp.app */;
			productType = "com.apple.product-type.application";
		};
		C9E1E80B2664DC0D00887857 /* newsAppTests */ = {
			isa = PBXNativeTarget;
			buildConfigurationList = C9E1E8232664DC0D00887857 /* Build configuration list for PBXNativeTarget "newsAppTests" */;
			buildPhases = (
				156162849EF0FFDE272CFA0A /* [CP] Check Pods Manifest.lock */,
				C9E1E8082664DC0D00887857 /* Sources */,
				C9E1E8092664DC0D00887857 /* Frameworks */,
				C9E1E80A2664DC0D00887857 /* Resources */,
			);
			buildRules = (
			);
			dependencies = (
				C9E1E80E2664DC0D00887857 /* PBXTargetDependency */,
			);
			name = newsAppTests;
			productName = newsAppTests;
			productReference = C9E1E80C2664DC0D00887857 /* newsAppTests.xctest */;
			productType = "com.apple.product-type.bundle.unit-test";
		};
		C9E1E8162664DC0D00887857 /* newsAppUITests */ = {
			isa = PBXNativeTarget;
			buildConfigurationList = C9E1E8262664DC0D00887857 /* Build configuration list for PBXNativeTarget "newsAppUITests" */;
			buildPhases = (
				B7EE741B0A13B68C51A83C54 /* [CP] Check Pods Manifest.lock */,
				C9E1E8132664DC0D00887857 /* Sources */,
				C9E1E8142664DC0D00887857 /* Frameworks */,
				C9E1E8152664DC0D00887857 /* Resources */,
				BDC23E7EDE6033691015B42D /* [CP] Embed Pods Frameworks */,
			);
			buildRules = (
			);
			dependencies = (
				C9E1E8192664DC0D00887857 /* PBXTargetDependency */,
			);
			name = newsAppUITests;
			productName = newsAppUITests;
			productReference = C9E1E8172664DC0D00887857 /* newsAppUITests.xctest */;
			productType = "com.apple.product-type.bundle.ui-testing";
		};
/* End PBXNativeTarget section */

/* Begin PBXProject section */
		C9E1E7EE2664DC0100887857 /* Project object */ = {
			isa = PBXProject;
			attributes = {
				LastSwiftUpdateCheck = 1240;
				LastUpgradeCheck = 1240;
				TargetAttributes = {
					C9E1E7F52664DC0100887857 = {
						CreatedOnToolsVersion = 12.4;
					};
					C9E1E80B2664DC0D00887857 = {
						CreatedOnToolsVersion = 12.4;
						TestTargetID = C9E1E7F52664DC0100887857;
					};
					C9E1E8162664DC0D00887857 = {
						CreatedOnToolsVersion = 12.4;
						TestTargetID = C9E1E7F52664DC0100887857;
					};
				};
			};
			buildConfigurationList = C9E1E7F12664DC0100887857 /* Build configuration list for PBXProject "newsApp" */;
			compatibilityVersion = "Xcode 9.3";
			developmentRegion = en;
			hasScannedForEncodings = 0;
			knownRegions = (
				en,
				Base,
			);
			mainGroup = C9E1E7ED2664DC0100887857;
			productRefGroup = C9E1E7F72664DC0100887857 /* Products */;
			projectDirPath = "";
			projectRoot = "";
			targets = (
				C9E1E7F52664DC0100887857 /* newsApp */,
				C9E1E80B2664DC0D00887857 /* newsAppTests */,
				C9E1E8162664DC0D00887857 /* newsAppUITests */,
			);
		};
/* End PBXProject section */

/* Begin PBXResourcesBuildPhase section */
		C9E1E7F42664DC0100887857 /* Resources */ = {
			isa = PBXResourcesBuildPhase;
			buildActionMask = 2147483647;
			files = (
				C9E1E8032664DC0C00887857 /* Assets.xcassets in Resources */,
			);
			runOnlyForDeploymentPostprocessing = 0;
		};
		C9E1E80A2664DC0D00887857 /* Resources */ = {
			isa = PBXResourcesBuildPhase;
			buildActionMask = 2147483647;
			files = (
			);
			runOnlyForDeploymentPostprocessing = 0;
		};
		C9E1E8152664DC0D00887857 /* Resources */ = {
			isa = PBXResourcesBuildPhase;
			buildActionMask = 2147483647;
			files = (
			);
			runOnlyForDeploymentPostprocessing = 0;
		};
/* End PBXResourcesBuildPhase section */

/* Begin PBXShellScriptBuildPhase section */
		156162849EF0FFDE272CFA0A /* [CP] Check Pods Manifest.lock */ = {
			isa = PBXShellScriptBuildPhase;
			buildActionMask = 2147483647;
			files = (
			);
			inputFileListPaths = (
			);
			inputPaths = (
				"${PODS_PODFILE_DIR_PATH}/Podfile.lock",
				"${PODS_ROOT}/Manifest.lock",
			);
			name = "[CP] Check Pods Manifest.lock";
			outputFileListPaths = (
			);
			outputPaths = (
				"$(DERIVED_FILE_DIR)/Pods-newsAppTests-checkManifestLockResult.txt",
			);
			runOnlyForDeploymentPostprocessing = 0;
			shellPath = /bin/sh;
			shellScript = "diff \"${PODS_PODFILE_DIR_PATH}/Podfile.lock\" \"${PODS_ROOT}/Manifest.lock\" > /dev/null\nif [ $? != 0 ] ; then\n    # print error to STDERR\n    echo \"error: The sandbox is not in sync with the Podfile.lock. Run 'pod install' or update your CocoaPods installation.\" >&2\n    exit 1\nfi\n# This output is used by Xcode 'outputs' to avoid re-running this script phase.\necho \"SUCCESS\" > \"${SCRIPT_OUTPUT_FILE_0}\"\n";
			showEnvVarsInLog = 0;
		};
		3AECBBE45115EBB85D76A1BA /* [CP] Embed Pods Frameworks */ = {
			isa = PBXShellScriptBuildPhase;
			buildActionMask = 2147483647;
			files = (
			);
			inputFileListPaths = (
				"${PODS_ROOT}/Target Support Files/Pods-newsApp/Pods-newsApp-frameworks-${CONFIGURATION}-input-files.xcfilelist",
			);
			name = "[CP] Embed Pods Frameworks";
			outputFileListPaths = (
				"${PODS_ROOT}/Target Support Files/Pods-newsApp/Pods-newsApp-frameworks-${CONFIGURATION}-output-files.xcfilelist",
			);
			runOnlyForDeploymentPostprocessing = 0;
			shellPath = /bin/sh;
			shellScript = "\"${PODS_ROOT}/Target Support Files/Pods-newsApp/Pods-newsApp-frameworks.sh\"\n";
			showEnvVarsInLog = 0;
		};
		4266DA4F0BCAAFC4D9BB3510 /* [CP] Check Pods Manifest.lock */ = {
			isa = PBXShellScriptBuildPhase;
			buildActionMask = 2147483647;
			files = (
			);
			inputFileListPaths = (
			);
			inputPaths = (
				"${PODS_PODFILE_DIR_PATH}/Podfile.lock",
				"${PODS_ROOT}/Manifest.lock",
			);
			name = "[CP] Check Pods Manifest.lock";
			outputFileListPaths = (
			);
			outputPaths = (
				"$(DERIVED_FILE_DIR)/Pods-newsApp-checkManifestLockResult.txt",
			);
			runOnlyForDeploymentPostprocessing = 0;
			shellPath = /bin/sh;
			shellScript = "diff \"${PODS_PODFILE_DIR_PATH}/Podfile.lock\" \"${PODS_ROOT}/Manifest.lock\" > /dev/null\nif [ $? != 0 ] ; then\n    # print error to STDERR\n    echo \"error: The sandbox is not in sync with the Podfile.lock. Run 'pod install' or update your CocoaPods installation.\" >&2\n    exit 1\nfi\n# This output is used by Xcode 'outputs' to avoid re-running this script phase.\necho \"SUCCESS\" > \"${SCRIPT_OUTPUT_FILE_0}\"\n";
			showEnvVarsInLog = 0;
		};
		B7EE741B0A13B68C51A83C54 /* [CP] Check Pods Manifest.lock */ = {
			isa = PBXShellScriptBuildPhase;
			buildActionMask = 2147483647;
			files = (
			);
			inputFileListPaths = (
			);
			inputPaths = (
				"${PODS_PODFILE_DIR_PATH}/Podfile.lock",
				"${PODS_ROOT}/Manifest.lock",
			);
			name = "[CP] Check Pods Manifest.lock";
			outputFileListPaths = (
			);
			outputPaths = (
				"$(DERIVED_FILE_DIR)/Pods-newsApp-newsAppUITests-checkManifestLockResult.txt",
			);
			runOnlyForDeploymentPostprocessing = 0;
			shellPath = /bin/sh;
			shellScript = "diff \"${PODS_PODFILE_DIR_PATH}/Podfile.lock\" \"${PODS_ROOT}/Manifest.lock\" > /dev/null\nif [ $? != 0 ] ; then\n    # print error to STDERR\n    echo \"error: The sandbox is not in sync with the Podfile.lock. Run 'pod install' or update your CocoaPods installation.\" >&2\n    exit 1\nfi\n# This output is used by Xcode 'outputs' to avoid re-running this script phase.\necho \"SUCCESS\" > \"${SCRIPT_OUTPUT_FILE_0}\"\n";
			showEnvVarsInLog = 0;
		};
		BDC23E7EDE6033691015B42D /* [CP] Embed Pods Frameworks */ = {
			isa = PBXShellScriptBuildPhase;
			buildActionMask = 2147483647;
			files = (
			);
			inputFileListPaths = (
				"${PODS_ROOT}/Target Support Files/Pods-newsApp-newsAppUITests/Pods-newsApp-newsAppUITests-frameworks-${CONFIGURATION}-input-files.xcfilelist",
			);
			name = "[CP] Embed Pods Frameworks";
			outputFileListPaths = (
				"${PODS_ROOT}/Target Support Files/Pods-newsApp-newsAppUITests/Pods-newsApp-newsAppUITests-frameworks-${CONFIGURATION}-output-files.xcfilelist",
			);
			runOnlyForDeploymentPostprocessing = 0;
			shellPath = /bin/sh;
			shellScript = "\"${PODS_ROOT}/Target Support Files/Pods-newsApp-newsAppUITests/Pods-newsApp-newsAppUITests-frameworks.sh\"\n";
			showEnvVarsInLog = 0;
		};
/* End PBXShellScriptBuildPhase section */

/* Begin PBXSourcesBuildPhase section */
		C9E1E7F22664DC0100887857 /* Sources */ = {
			isa = PBXSourcesBuildPhase;
			buildActionMask = 2147483647;
			files = (
				C98CDCFE26664D5400C5322E /* NetworkParameters.swift in Sources */,
				C98CDD032666503C00C5322E /* FeedModel.swift in Sources */,
				C914A6CA26665905007E926F /* NetworkManager.swift in Sources */,
				C9E1E8462664E6CC00887857 /* NewsDetailViewController.swift in Sources */,
				C9F9C0CC266596D0009F02F6 /* NewsTableViewCell.swift in Sources */,
				C914A6DD26665F3A007E926F /* GenericComponent.swift in Sources */,
				C914A6D826665B33007E926F /* FeedViewModel.swift in Sources */,
				C9E1E7FE2664DC0100887857 /* FeedViewController.swift in Sources */,
				C9B296FC26683AA000E9FED7 /* WebViewViewController.swift in Sources */,
				C9E1E7FA2664DC0100887857 /* AppDelegate.swift in Sources */,
				C9E1E84B2664E6FB00887857 /* MainViewController.swift in Sources */,
				C9E1E8532664E81600887857 /* FavoritesViewController.swift in Sources */,
				C9E1E7FC2664DC0100887857 /* SceneDelegate.swift in Sources */,
			);
			runOnlyForDeploymentPostprocessing = 0;
		};
		C9E1E8082664DC0D00887857 /* Sources */ = {
			isa = PBXSourcesBuildPhase;
			buildActionMask = 2147483647;
			files = (
				C9E1E8112664DC0D00887857 /* newsAppTests.swift in Sources */,
			);
			runOnlyForDeploymentPostprocessing = 0;
		};
		C9E1E8132664DC0D00887857 /* Sources */ = {
			isa = PBXSourcesBuildPhase;
			buildActionMask = 2147483647;
			files = (
				C9E1E81C2664DC0D00887857 /* newsAppUITests.swift in Sources */,
			);
			runOnlyForDeploymentPostprocessing = 0;
		};
/* End PBXSourcesBuildPhase section */

/* Begin PBXTargetDependency section */
		C9E1E80E2664DC0D00887857 /* PBXTargetDependency */ = {
			isa = PBXTargetDependency;
			target = C9E1E7F52664DC0100887857 /* newsApp */;
			targetProxy = C9E1E80D2664DC0D00887857 /* PBXContainerItemProxy */;
		};
		C9E1E8192664DC0D00887857 /* PBXTargetDependency */ = {
			isa = PBXTargetDependency;
			target = C9E1E7F52664DC0100887857 /* newsApp */;
			targetProxy = C9E1E8182664DC0D00887857 /* PBXContainerItemProxy */;
		};
/* End PBXTargetDependency section */

/* Begin XCBuildConfiguration section */
		C9E1E81E2664DC0D00887857 /* Debug */ = {
			isa = XCBuildConfiguration;
			buildSettings = {
				ALWAYS_SEARCH_USER_PATHS = NO;
				CLANG_ANALYZER_NONNULL = YES;
				CLANG_ANALYZER_NUMBER_OBJECT_CONVERSION = YES_AGGRESSIVE;
				CLANG_CXX_LANGUAGE_STANDARD = "gnu++14";
				CLANG_CXX_LIBRARY = "libc++";
				CLANG_ENABLE_MODULES = YES;
				CLANG_ENABLE_OBJC_ARC = YES;
				CLANG_ENABLE_OBJC_WEAK = YES;
				CLANG_WARN_BLOCK_CAPTURE_AUTORELEASING = YES;
				CLANG_WARN_BOOL_CONVERSION = YES;
				CLANG_WARN_COMMA = YES;
				CLANG_WARN_CONSTANT_CONVERSION = YES;
				CLANG_WARN_DEPRECATED_OBJC_IMPLEMENTATIONS = YES;
				CLANG_WARN_DIRECT_OBJC_ISA_USAGE = YES_ERROR;
				CLANG_WARN_DOCUMENTATION_COMMENTS = YES;
				CLANG_WARN_EMPTY_BODY = YES;
				CLANG_WARN_ENUM_CONVERSION = YES;
				CLANG_WARN_INFINITE_RECURSION = YES;
				CLANG_WARN_INT_CONVERSION = YES;
				CLANG_WARN_NON_LITERAL_NULL_CONVERSION = YES;
				CLANG_WARN_OBJC_IMPLICIT_RETAIN_SELF = YES;
				CLANG_WARN_OBJC_LITERAL_CONVERSION = YES;
				CLANG_WARN_OBJC_ROOT_CLASS = YES_ERROR;
				CLANG_WARN_QUOTED_INCLUDE_IN_FRAMEWORK_HEADER = YES;
				CLANG_WARN_RANGE_LOOP_ANALYSIS = YES;
				CLANG_WARN_STRICT_PROTOTYPES = YES;
				CLANG_WARN_SUSPICIOUS_MOVE = YES;
				CLANG_WARN_UNGUARDED_AVAILABILITY = YES_AGGRESSIVE;
				CLANG_WARN_UNREACHABLE_CODE = YES;
				CLANG_WARN__DUPLICATE_METHOD_MATCH = YES;
				COPY_PHASE_STRIP = NO;
				DEBUG_INFORMATION_FORMAT = dwarf;
				ENABLE_STRICT_OBJC_MSGSEND = YES;
				ENABLE_TESTABILITY = YES;
				GCC_C_LANGUAGE_STANDARD = gnu11;
				GCC_DYNAMIC_NO_PIC = NO;
				GCC_NO_COMMON_BLOCKS = YES;
				GCC_OPTIMIZATION_LEVEL = 0;
				GCC_PREPROCESSOR_DEFINITIONS = (
					"DEBUG=1",
					"$(inherited)",
				);
				GCC_WARN_64_TO_32_BIT_CONVERSION = YES;
				GCC_WARN_ABOUT_RETURN_TYPE = YES_ERROR;
				GCC_WARN_UNDECLARED_SELECTOR = YES;
				GCC_WARN_UNINITIALIZED_AUTOS = YES_AGGRESSIVE;
				GCC_WARN_UNUSED_FUNCTION = YES;
				GCC_WARN_UNUSED_VARIABLE = YES;
				IPHONEOS_DEPLOYMENT_TARGET = 14.4;
				MTL_ENABLE_DEBUG_INFO = INCLUDE_SOURCE;
				MTL_FAST_MATH = YES;
				ONLY_ACTIVE_ARCH = YES;
				SDKROOT = iphoneos;
				SWIFT_ACTIVE_COMPILATION_CONDITIONS = DEBUG;
				SWIFT_OPTIMIZATION_LEVEL = "-Onone";
			};
			name = Debug;
		};
		C9E1E81F2664DC0D00887857 /* Release */ = {
			isa = XCBuildConfiguration;
			buildSettings = {
				ALWAYS_SEARCH_USER_PATHS = NO;
				CLANG_ANALYZER_NONNULL = YES;
				CLANG_ANALYZER_NUMBER_OBJECT_CONVERSION = YES_AGGRESSIVE;
				CLANG_CXX_LANGUAGE_STANDARD = "gnu++14";
				CLANG_CXX_LIBRARY = "libc++";
				CLANG_ENABLE_MODULES = YES;
				CLANG_ENABLE_OBJC_ARC = YES;
				CLANG_ENABLE_OBJC_WEAK = YES;
				CLANG_WARN_BLOCK_CAPTURE_AUTORELEASING = YES;
				CLANG_WARN_BOOL_CONVERSION = YES;
				CLANG_WARN_COMMA = YES;
				CLANG_WARN_CONSTANT_CONVERSION = YES;
				CLANG_WARN_DEPRECATED_OBJC_IMPLEMENTATIONS = YES;
				CLANG_WARN_DIRECT_OBJC_ISA_USAGE = YES_ERROR;
				CLANG_WARN_DOCUMENTATION_COMMENTS = YES;
				CLANG_WARN_EMPTY_BODY = YES;
				CLANG_WARN_ENUM_CONVERSION = YES;
				CLANG_WARN_INFINITE_RECURSION = YES;
				CLANG_WARN_INT_CONVERSION = YES;
				CLANG_WARN_NON_LITERAL_NULL_CONVERSION = YES;
				CLANG_WARN_OBJC_IMPLICIT_RETAIN_SELF = YES;
				CLANG_WARN_OBJC_LITERAL_CONVERSION = YES;
				CLANG_WARN_OBJC_ROOT_CLASS = YES_ERROR;
				CLANG_WARN_QUOTED_INCLUDE_IN_FRAMEWORK_HEADER = YES;
				CLANG_WARN_RANGE_LOOP_ANALYSIS = YES;
				CLANG_WARN_STRICT_PROTOTYPES = YES;
				CLANG_WARN_SUSPICIOUS_MOVE = YES;
				CLANG_WARN_UNGUARDED_AVAILABILITY = YES_AGGRESSIVE;
				CLANG_WARN_UNREACHABLE_CODE = YES;
				CLANG_WARN__DUPLICATE_METHOD_MATCH = YES;
				COPY_PHASE_STRIP = NO;
				DEBUG_INFORMATION_FORMAT = "dwarf-with-dsym";
				ENABLE_NS_ASSERTIONS = NO;
				ENABLE_STRICT_OBJC_MSGSEND = YES;
				GCC_C_LANGUAGE_STANDARD = gnu11;
				GCC_NO_COMMON_BLOCKS = YES;
				GCC_WARN_64_TO_32_BIT_CONVERSION = YES;
				GCC_WARN_ABOUT_RETURN_TYPE = YES_ERROR;
				GCC_WARN_UNDECLARED_SELECTOR = YES;
				GCC_WARN_UNINITIALIZED_AUTOS = YES_AGGRESSIVE;
				GCC_WARN_UNUSED_FUNCTION = YES;
				GCC_WARN_UNUSED_VARIABLE = YES;
				IPHONEOS_DEPLOYMENT_TARGET = 14.4;
				MTL_ENABLE_DEBUG_INFO = NO;
				MTL_FAST_MATH = YES;
				SDKROOT = iphoneos;
				SWIFT_COMPILATION_MODE = wholemodule;
				SWIFT_OPTIMIZATION_LEVEL = "-O";
				VALIDATE_PRODUCT = YES;
			};
			name = Release;
		};
		C9E1E8212664DC0D00887857 /* Debug */ = {
			isa = XCBuildConfiguration;
			baseConfigurationReference = B21EC5C6003E93C06C908D46 /* Pods-newsApp.debug.xcconfig */;
			buildSettings = {
				ASSETCATALOG_COMPILER_APPICON_NAME = AppIcon;
				ASSETCATALOG_COMPILER_GLOBAL_ACCENT_COLOR_NAME = AccentColor;
				CODE_SIGN_STYLE = Automatic;
				INFOPLIST_FILE = newsApp/Info.plist;
				LD_RUNPATH_SEARCH_PATHS = (
					"$(inherited)",
					"@executable_path/Frameworks",
				);
				PRODUCT_BUNDLE_IDENTIFIER = albooren.newsApp;
				PRODUCT_NAME = "$(TARGET_NAME)";
				SWIFT_VERSION = 5.0;
				TARGETED_DEVICE_FAMILY = "1,2";
			};
			name = Debug;
		};
		C9E1E8222664DC0D00887857 /* Release */ = {
			isa = XCBuildConfiguration;
			baseConfigurationReference = 0ED199AF7834AE9A2BB67A10 /* Pods-newsApp.release.xcconfig */;
			buildSettings = {
				ASSETCATALOG_COMPILER_APPICON_NAME = AppIcon;
				ASSETCATALOG_COMPILER_GLOBAL_ACCENT_COLOR_NAME = AccentColor;
				CODE_SIGN_STYLE = Automatic;
				INFOPLIST_FILE = newsApp/Info.plist;
				LD_RUNPATH_SEARCH_PATHS = (
					"$(inherited)",
					"@executable_path/Frameworks",
				);
				PRODUCT_BUNDLE_IDENTIFIER = albooren.newsApp;
				PRODUCT_NAME = "$(TARGET_NAME)";
				SWIFT_VERSION = 5.0;
				TARGETED_DEVICE_FAMILY = "1,2";
			};
			name = Release;
		};
		C9E1E8242664DC0D00887857 /* Debug */ = {
			isa = XCBuildConfiguration;
			baseConfigurationReference = 26D5952060B8D032D470E0E4 /* Pods-newsAppTests.debug.xcconfig */;
			buildSettings = {
				ALWAYS_EMBED_SWIFT_STANDARD_LIBRARIES = YES;
				BUNDLE_LOADER = "$(TEST_HOST)";
				CODE_SIGN_STYLE = Automatic;
				INFOPLIST_FILE = newsAppTests/Info.plist;
				IPHONEOS_DEPLOYMENT_TARGET = 14.4;
				LD_RUNPATH_SEARCH_PATHS = (
					"$(inherited)",
					"@executable_path/Frameworks",
					"@loader_path/Frameworks",
				);
				PRODUCT_BUNDLE_IDENTIFIER = albooren.newsAppTests;
				PRODUCT_NAME = "$(TARGET_NAME)";
				SWIFT_VERSION = 5.0;
				TARGETED_DEVICE_FAMILY = "1,2";
				TEST_HOST = "$(BUILT_PRODUCTS_DIR)/newsApp.app/newsApp";
			};
			name = Debug;
		};
		C9E1E8252664DC0D00887857 /* Release */ = {
			isa = XCBuildConfiguration;
			baseConfigurationReference = A4C163F1A0A7DAE6DC4631BC /* Pods-newsAppTests.release.xcconfig */;
			buildSettings = {
				ALWAYS_EMBED_SWIFT_STANDARD_LIBRARIES = YES;
				BUNDLE_LOADER = "$(TEST_HOST)";
				CODE_SIGN_STYLE = Automatic;
				INFOPLIST_FILE = newsAppTests/Info.plist;
				IPHONEOS_DEPLOYMENT_TARGET = 14.4;
				LD_RUNPATH_SEARCH_PATHS = (
					"$(inherited)",
					"@executable_path/Frameworks",
					"@loader_path/Frameworks",
				);
				PRODUCT_BUNDLE_IDENTIFIER = albooren.newsAppTests;
				PRODUCT_NAME = "$(TARGET_NAME)";
				SWIFT_VERSION = 5.0;
				TARGETED_DEVICE_FAMILY = "1,2";
				TEST_HOST = "$(BUILT_PRODUCTS_DIR)/newsApp.app/newsApp";
			};
			name = Release;
		};
		C9E1E8272664DC0D00887857 /* Debug */ = {
			isa = XCBuildConfiguration;
			baseConfigurationReference = F7E7ADC8876225F8E41AFC4F /* Pods-newsApp-newsAppUITests.debug.xcconfig */;
			buildSettings = {
				ALWAYS_EMBED_SWIFT_STANDARD_LIBRARIES = YES;
				CODE_SIGN_STYLE = Automatic;
				INFOPLIST_FILE = newsAppUITests/Info.plist;
				LD_RUNPATH_SEARCH_PATHS = (
					"$(inherited)",
					"@executable_path/Frameworks",
					"@loader_path/Frameworks",
				);
				PRODUCT_BUNDLE_IDENTIFIER = albooren.newsAppUITests;
				PRODUCT_NAME = "$(TARGET_NAME)";
				SWIFT_VERSION = 5.0;
				TARGETED_DEVICE_FAMILY = "1,2";
				TEST_TARGET_NAME = newsApp;
			};
			name = Debug;
		};
		C9E1E8282664DC0D00887857 /* Release */ = {
			isa = XCBuildConfiguration;
			baseConfigurationReference = E6238DA37B6CA69B7D217DB1 /* Pods-newsApp-newsAppUITests.release.xcconfig */;
			buildSettings = {
				ALWAYS_EMBED_SWIFT_STANDARD_LIBRARIES = YES;
				CODE_SIGN_STYLE = Automatic;
				INFOPLIST_FILE = newsAppUITests/Info.plist;
				LD_RUNPATH_SEARCH_PATHS = (
					"$(inherited)",
					"@executable_path/Frameworks",
					"@loader_path/Frameworks",
				);
				PRODUCT_BUNDLE_IDENTIFIER = albooren.newsAppUITests;
				PRODUCT_NAME = "$(TARGET_NAME)";
				SWIFT_VERSION = 5.0;
				TARGETED_DEVICE_FAMILY = "1,2";
				TEST_TARGET_NAME = newsApp;
			};
			name = Release;
		};
/* End XCBuildConfiguration section */

/* Begin XCConfigurationList section */
		C9E1E7F12664DC0100887857 /* Build configuration list for PBXProject "newsApp" */ = {
			isa = XCConfigurationList;
			buildConfigurations = (
				C9E1E81E2664DC0D00887857 /* Debug */,
				C9E1E81F2664DC0D00887857 /* Release */,
			);
			defaultConfigurationIsVisible = 0;
			defaultConfigurationName = Release;
		};
		C9E1E8202664DC0D00887857 /* Build configuration list for PBXNativeTarget "newsApp" */ = {
			isa = XCConfigurationList;
			buildConfigurations = (
				C9E1E8212664DC0D00887857 /* Debug */,
				C9E1E8222664DC0D00887857 /* Release */,
			);
			defaultConfigurationIsVisible = 0;
			defaultConfigurationName = Release;
		};
		C9E1E8232664DC0D00887857 /* Build configuration list for PBXNativeTarget "newsAppTests" */ = {
			isa = XCConfigurationList;
			buildConfigurations = (
				C9E1E8242664DC0D00887857 /* Debug */,
				C9E1E8252664DC0D00887857 /* Release */,
			);
			defaultConfigurationIsVisible = 0;
			defaultConfigurationName = Release;
		};
		C9E1E8262664DC0D00887857 /* Build configuration list for PBXNativeTarget "newsAppUITests" */ = {
			isa = XCConfigurationList;
			buildConfigurations = (
				C9E1E8272664DC0D00887857 /* Debug */,
				C9E1E8282664DC0D00887857 /* Release */,
			);
			defaultConfigurationIsVisible = 0;
			defaultConfigurationName = Release;
		};
/* End XCConfigurationList section */
	};
	rootObject = C9E1E7EE2664DC0100887857 /* Project object */;
}
